
Microsoft Visual Studio Solution File, Format Version 12.00
# Visual Studio Version 16
VisualStudioVersion = 16.0.30011.22
MinimumVisualStudioVersion = 10.0.40219.1
Project("{FAE04EC0-301F-11D3-BF4B-00C04F79EFBC}") = "LedControl", "LedControl\LedControl.csproj", "{DC683F06-C8B9-413E-AB9D-46AE9D0FB92A}"
EndProject
Global
	GlobalSection(SolutionConfigurationPlatforms) = preSolution
		Debug|Any CPU = Debug|Any CPU
		Release|Any CPU = Release|Any CPU
	EndGlobalSection
	GlobalSection(ProjectConfigurationPlatforms) = postSolution
		{DC683F06-C8B9-413E-AB9D-46AE9D0FB92A}.Debug|Any CPU.ActiveCfg = Debug|Any CPU
		{DC683F06-C8B9-413E-AB9D-46AE9D0FB92A}.Debug|Any CPU.Build.0 = Debug|Any CPU
		{DC683F06-C8B9-413E-AB9D-46AE9D0FB92A}.Release|Any CPU.ActiveCfg = Release|Any CPU
		{DC683F06-C8B9-413E-AB9D-46AE9D0FB92A}.Release|Any CPU.Build.0 = Release|Any CPU
	EndGlobalSection
	GlobalSection(SolutionProperties) = preSolution
		HideSolutionNode = FALSE
	EndGlobalSection
	GlobalSection(ExtensibilityGlobals) = postSolution
		SolutionGuid = {3589DC01-CBD6-4264-BEC5-7CC9E7DDC2A5}
	EndGlobalSection
EndGlobal
